
Microsoft Visual Studio Solution File, Format Version 12.00
# Visual Studio Version 17
VisualStudioVersion = 17.14.36121.58
MinimumVisualStudioVersion = 10.0.40219.1
Project("{9A19103F-16F7-4668-BE54-9A1E7A4F7556}") = "FollowUp", "FollowUp\FollowUp.csproj", "{54CD6C85-A6CA-48C2-B289-278D403166FB}"
EndProject
Project("{2150E333-8FDC-42A3-9474-1A3956D46DE8}") = "Nuget", "Nuget", "{02EA681E-C7D8-13C7-8484-4AC65E1B71E8}"
	ProjectSection(SolutionItems) = preProject
		Directory.Packages.props = Directory.Packages.props
	EndProjectSection
EndProject
Project("{2150E333-8FDC-42A3-9474-1A3956D46DE8}") = "FollowupWx", "FollowupWx", "{8F3E7B9A-1D2C-4E5F-9A3B-5C8D7E9F1A2B}"
	ProjectSection(SolutionItems) = preProject
		FollowupWx\app.js = FollowupWx\app.js
		FollowupWx\app.json = FollowupWx\app.json
		FollowupWx\app.wxss = FollowupWx\app.wxss
		FollowupWx\config.js = FollowupWx\config.js
		FollowupWx\package.json = FollowupWx\package.json
		FollowupWx\project.config.json = FollowupWx\project.config.json
		FollowupWx\sitemap.json = FollowupWx\sitemap.json
	EndProjectSection
EndProject
Project("{2150E333-8FDC-42A3-9474-1A3956D46DE8}") = "pages", "pages", "{1A2B3C4D-5E6F-7A8B-9C0D-1E2F3A4B5C6D}"
EndProject
Project("{2150E333-8FDC-42A3-9474-1A3956D46DE8}") = "components", "components", "{2B3C4D5E-6F7A-8B9C-0D1E-2F3A4B5C6D7E}"
EndProject
Project("{2150E333-8FDC-42A3-9474-1A3956D46DE8}") = "utils", "utils", "{3C4D5E6F-7A8B-9C0D-1E2F-3A4B5C6D7E8F}"
	ProjectSection(SolutionItems) = preProject
		FollowupWx\utils\api.js = FollowupWx\utils\api.js
		FollowupWx\utils\navigation.js = FollowupWx\utils\navigation.js
		FollowupWx\utils\request.js = FollowupWx\utils\request.js
		FollowupWx\utils\util.js = FollowupWx\utils\util.js
	EndProjectSection
EndProject
Project("{FAE04EC0-301F-11D3-BF4B-00C04F79EFBC}") = "Bio.Core", "..\Bio.Core\Bio.Core\Bio.Core.csproj", "{3521A2BA-FE78-6945-BD88-0420F906CD11}"
EndProject
Project("{FAE04EC0-301F-11D3-BF4B-00C04F79EFBC}") = "Bio.Models", "..\Bio.Models\Bio.Models.csproj", "{5E44828B-EE73-3C62-3342-661A59D8EAF9}"
EndProject
Global
	GlobalSection(SolutionConfigurationPlatforms) = preSolution
		Debug|Any CPU = Debug|Any CPU
		Debug|x64 = Debug|x64
		Debug|x86 = Debug|x86
		Release|Any CPU = Release|Any CPU
		Release|x64 = Release|x64
		Release|x86 = Release|x86
	EndGlobalSection
	GlobalSection(ProjectConfigurationPlatforms) = postSolution
		{54CD6C85-A6CA-48C2-B289-278D403166FB}.Debug|Any CPU.ActiveCfg = Debug|Any CPU
		{54CD6C85-A6CA-48C2-B289-278D403166FB}.Debug|Any CPU.Build.0 = Debug|Any CPU
		{54CD6C85-A6CA-48C2-B289-278D403166FB}.Debug|x64.ActiveCfg = Debug|Any CPU
		{54CD6C85-A6CA-48C2-B289-278D403166FB}.Debug|x64.Build.0 = Debug|Any CPU
		{54CD6C85-A6CA-48C2-B289-278D403166FB}.Debug|x86.ActiveCfg = Debug|Any CPU
		{54CD6C85-A6CA-48C2-B289-278D403166FB}.Debug|x86.Build.0 = Debug|Any CPU
		{54CD6C85-A6CA-48C2-B289-278D403166FB}.Release|Any CPU.ActiveCfg = Release|Any CPU
		{54CD6C85-A6CA-48C2-B289-278D403166FB}.Release|Any CPU.Build.0 = Release|Any CPU
		{54CD6C85-A6CA-48C2-B289-278D403166FB}.Release|x64.ActiveCfg = Release|Any CPU
		{54CD6C85-A6CA-48C2-B289-278D403166FB}.Release|x64.Build.0 = Release|Any CPU
		{54CD6C85-A6CA-48C2-B289-278D403166FB}.Release|x86.ActiveCfg = Release|Any CPU
		{54CD6C85-A6CA-48C2-B289-278D403166FB}.Release|x86.Build.0 = Release|Any CPU
		{3521A2BA-FE78-6945-BD88-0420F906CD11}.Debug|Any CPU.ActiveCfg = Debug|Any CPU
		{3521A2BA-FE78-6945-BD88-0420F906CD11}.Debug|Any CPU.Build.0 = Debug|Any CPU
		{3521A2BA-FE78-6945-BD88-0420F906CD11}.Debug|x64.ActiveCfg = Debug|Any CPU
		{3521A2BA-FE78-6945-BD88-0420F906CD11}.Debug|x64.Build.0 = Debug|Any CPU
		{3521A2BA-FE78-6945-BD88-0420F906CD11}.Debug|x86.ActiveCfg = Debug|Any CPU
		{3521A2BA-FE78-6945-BD88-0420F906CD11}.Debug|x86.Build.0 = Debug|Any CPU
		{3521A2BA-FE78-6945-BD88-0420F906CD11}.Release|Any CPU.ActiveCfg = Release|Any CPU
		{3521A2BA-FE78-6945-BD88-0420F906CD11}.Release|Any CPU.Build.0 = Release|Any CPU
		{3521A2BA-FE78-6945-BD88-0420F906CD11}.Release|x64.ActiveCfg = Release|Any CPU
		{3521A2BA-FE78-6945-BD88-0420F906CD11}.Release|x64.Build.0 = Release|Any CPU
		{3521A2BA-FE78-6945-BD88-0420F906CD11}.Release|x86.ActiveCfg = Release|Any CPU
		{3521A2BA-FE78-6945-BD88-0420F906CD11}.Release|x86.Build.0 = Release|Any CPU
		{5E44828B-EE73-3C62-3342-661A59D8EAF9}.Debug|Any CPU.ActiveCfg = Debug|Any CPU
		{5E44828B-EE73-3C62-3342-661A59D8EAF9}.Debug|Any CPU.Build.0 = Debug|Any CPU
		{5E44828B-EE73-3C62-3342-661A59D8EAF9}.Debug|x64.ActiveCfg = Debug|Any CPU
		{5E44828B-EE73-3C62-3342-661A59D8EAF9}.Debug|x64.Build.0 = Debug|Any CPU
		{5E44828B-EE73-3C62-3342-661A59D8EAF9}.Debug|x86.ActiveCfg = Debug|Any CPU
		{5E44828B-EE73-3C62-3342-661A59D8EAF9}.Debug|x86.Build.0 = Debug|Any CPU
		{5E44828B-EE73-3C62-3342-661A59D8EAF9}.Release|Any CPU.ActiveCfg = Release|Any CPU
		{5E44828B-EE73-3C62-3342-661A59D8EAF9}.Release|Any CPU.Build.0 = Release|Any CPU
		{5E44828B-EE73-3C62-3342-661A59D8EAF9}.Release|x64.ActiveCfg = Release|Any CPU
		{5E44828B-EE73-3C62-3342-661A59D8EAF9}.Release|x64.Build.0 = Release|Any CPU
		{5E44828B-EE73-3C62-3342-661A59D8EAF9}.Release|x86.ActiveCfg = Release|Any CPU
		{5E44828B-EE73-3C62-3342-661A59D8EAF9}.Release|x86.Build.0 = Release|Any CPU
	EndGlobalSection
	GlobalSection(SolutionProperties) = preSolution
		HideSolutionNode = FALSE
	EndGlobalSection
	GlobalSection(NestedProjects) = preSolution
		{1A2B3C4D-5E6F-7A8B-9C0D-1E2F3A4B5C6D} = {8F3E7B9A-1D2C-4E5F-9A3B-5C8D7E9F1A2B}
		{2B3C4D5E-6F7A-8B9C-0D1E-2F3A4B5C6D7E} = {8F3E7B9A-1D2C-4E5F-9A3B-5C8D7E9F1A2B}
		{3C4D5E6F-7A8B-9C0D-1E2F-3A4B5C6D7E8F} = {8F3E7B9A-1D2C-4E5F-9A3B-5C8D7E9F1A2B}
	EndGlobalSection
	GlobalSection(ExtensibilityGlobals) = postSolution
		SolutionGuid = {7D9A3789-3EF5-46E3-A9EC-5CBF59A078FC}
	EndGlobalSection
EndGlobal
